
Microsoft Visual Studio Solution File, Format Version 12.00
# Visual Studio 14
VisualStudioVersion = 14.0.25420.1
MinimumVisualStudioVersion = 10.0.40219.1
Project("{FAE04EC0-301F-11D3-BF4B-00C04F79EFBC}") = "BlindsResistanceCalculator", "BlindsResistanceCalculator\BlindsResistanceCalculator.csproj", "{FD767992-3FA0-4437-9984-3ADDD2CFED86}"
EndProject
Project("{FAE04EC0-301F-11D3-BF4B-00C04F79EFBC}") = "BlindsResistanceCalculator.Tests", "BlindsResistanceCalculator.Tests\BlindsResistanceCalculator.Tests.csproj", "{C1A0EE73-E557-43D4-9DF4-D1C5ED752175}"
EndProject
Global
	GlobalSection(SolutionConfigurationPlatforms) = preSolution
		Debug|Any CPU = Debug|Any CPU
		Release|Any CPU = Release|Any CPU
	EndGlobalSection
	GlobalSection(ProjectConfigurationPlatforms) = postSolution
		{FD767992-3FA0-4437-9984-3ADDD2CFED86}.Debug|Any CPU.ActiveCfg = Debug|Any CPU
		{FD767992-3FA0-4437-9984-3ADDD2CFED86}.Debug|Any CPU.Build.0 = Debug|Any CPU
		{FD767992-3FA0-4437-9984-3ADDD2CFED86}.Release|Any CPU.ActiveCfg = Release|Any CPU
		{FD767992-3FA0-4437-9984-3ADDD2CFED86}.Release|Any CPU.Build.0 = Release|Any CPU
		{C1A0EE73-E557-43D4-9DF4-D1C5ED752175}.Debug|Any CPU.ActiveCfg = Debug|Any CPU
		{C1A0EE73-E557-43D4-9DF4-D1C5ED752175}.Debug|Any CPU.Build.0 = Debug|Any CPU
		{C1A0EE73-E557-43D4-9DF4-D1C5ED752175}.Release|Any CPU.ActiveCfg = Release|Any CPU
		{C1A0EE73-E557-43D4-9DF4-D1C5ED752175}.Release|Any CPU.Build.0 = Release|Any CPU
	EndGlobalSection
	GlobalSection(SolutionProperties) = preSolution
		HideSolutionNode = FALSE
	EndGlobalSection
EndGlobal
